# THIS IS AN AUTOGENERATED FILE. DO NOT EDIT THIS FILE DIRECTLY.
# yarn lockfile v1


clone-buffer@^1.0.0:
  version "1.0.0"
  resolved "https://registry.yarnpkg.com/clone-buffer/-/clone-buffer-1.0.0.tgz#e3e25b207ac4e701af721e2cb5a16792cac3dc58"

clone-stats@^1.0.0:
  version "1.0.0"
  resolved "https://registry.yarnpkg.com/clone-stats/-/clone-stats-1.0.0.tgz#b3782dff8bb5474e18b9b6bf0fdfe782f8777680"

clone@^2.1.1:
  version "2.1.2"
  resolved "https://registry.yarnpkg.com/clone/-/clone-2.1.2.tgz#1b7f4b9f591f1e8f83670401600345a02887435f"

cloneable-readable@^1.0.0:
  version "1.1.2"
  resolved "https://registry.yarnpkg.com/cloneable-readable/-/cloneable-readable-1.1.2.tgz#d591dee4a8f8bc15da43ce97dceeba13d43e2a65"
  dependencies:
    inherits "^2.0.1"
    process-nextick-args "^2.0.0"
    readable-stream "^2.3.5"

core-util-is@~1.0.0:
  version "1.0.2"
  resolved "https://registry.yarnpkg.com/core-util-is/-/core-util-is-1.0.2.tgz#b5fd54220aa2bc5ab57aab7140c940754503c1a7"

es6-promise@^2.1.1:
  version "2.3.0"
  resolved "https://registry.yarnpkg.com/es6-promise/-/es6-promise-2.3.0.tgz#96edb9f2fdb01995822b263dd8aadab6748181bc"

gulp-hash@^4.2.2:
  version "4.2.2"
  resolved "https://registry.yarnpkg.com/gulp-hash/-/gulp-hash-4.2.2.tgz#2cf4ad081ef7a65393a51e3df58f514f388f4523"
  dependencies:
    es6-promise "^2.1.1"
    lodash.assign "^2.4.1"
    lodash.template "^2.4.1"
    through2 "^2.0.0"
    vinyl "^2.1.0"

inherits@^2.0.1, inherits@~2.0.3:
  version "2.0.3"
  resolved "https://registry.yarnpkg.com/inherits/-/inherits-2.0.3.tgz#633c2c83e3da42a502f52466022480f4208261de"

isarray@~1.0.0:
  version "1.0.0"
  resolved "https://registry.yarnpkg.com/isarray/-/isarray-1.0.0.tgz#bb935d48582cba168c06834957a54a3e07124f11"

lodash._basebind@~2.4.1:
  version "2.4.1"
  resolved "https://registry.yarnpkg.com/lodash._basebind/-/lodash._basebind-2.4.1.tgz#e940b9ebdd27c327e0a8dab1b55916c5341e9575"
  dependencies:
    lodash._basecreate "~2.4.1"
    lodash._setbinddata "~2.4.1"
    lodash._slice "~2.4.1"
    lodash.isobject "~2.4.1"

lodash._basecreate@~2.4.1:
  version "2.4.1"
  resolved "https://registry.yarnpkg.com/lodash._basecreate/-/lodash._basecreate-2.4.1.tgz#f8e6f5b578a9e34e541179b56b8eeebf4a287e08"
  dependencies:
    lodash._isnative "~2.4.1"
    lodash.isobject "~2.4.1"
    lodash.noop "~2.4.1"

lodash._basecreatecallback@~2.4.1:
  version "2.4.1"
  resolved "https://registry.yarnpkg.com/lodash._basecreatecallback/-/lodash._basecreatecallback-2.4.1.tgz#7d0b267649cb29e7a139d0103b7c11fae84e4851"
  dependencies:
    lodash._setbinddata "~2.4.1"
    lodash.bind "~2.4.1"
    lodash.identity "~2.4.1"
    lodash.support "~2.4.1"

lodash._basecreatewrapper@~2.4.1:
  version "2.4.1"
  resolved "https://registry.yarnpkg.com/lodash._basecreatewrapper/-/lodash._basecreatewrapper-2.4.1.tgz#4d31f2e7de7e134fbf2803762b8150b32519666f"
  dependencies:
    lodash._basecreate "~2.4.1"
    lodash._setbinddata "~2.4.1"
    lodash._slice "~2.4.1"
    lodash.isobject "~2.4.1"

lodash._createwrapper@~2.4.1:
  version "2.4.1"
  resolved "https://registry.yarnpkg.com/lodash._createwrapper/-/lodash._createwrapper-2.4.1.tgz#51d6957973da4ed556e37290d8c1a18c53de1607"
  dependencies:
    lodash._basebind "~2.4.1"
    lodash._basecreatewrapper "~2.4.1"
    lodash._slice "~2.4.1"
    lodash.isfunction "~2.4.1"

lodash._escapehtmlchar@~2.4.1:
  version "2.4.1"
  resolved "https://registry.yarnpkg.com/lodash._escapehtmlchar/-/lodash._escapehtmlchar-2.4.1.tgz#df67c3bb6b7e8e1e831ab48bfa0795b92afe899d"
  dependencies:
    lodash._htmlescapes "~2.4.1"

lodash._escapestringchar@~2.4.1:
  version "2.4.1"
  resolved "https://registry.yarnpkg.com/lodash._escapestringchar/-/lodash._escapestringchar-2.4.1.tgz#ecfe22618a2ade50bfeea43937e51df66f0edb72"

lodash._htmlescapes@~2.4.1:
  version "2.4.1"
  resolved "https://registry.yarnpkg.com/lodash._htmlescapes/-/lodash._htmlescapes-2.4.1.tgz#32d14bf0844b6de6f8b62a051b4f67c228b624cb"

lodash._isnative@~2.4.1:
  version "2.4.1"
  resolved "https://registry.yarnpkg.com/lodash._isnative/-/lodash._isnative-2.4.1.tgz#3ea6404b784a7be836c7b57580e1cdf79b14832c"

lodash._objecttypes@~2.4.1:
  version "2.4.1"
  resolved "https://registry.yarnpkg.com/lodash._objecttypes/-/lodash._objecttypes-2.4.1.tgz#7c0b7f69d98a1f76529f890b0cdb1b4dfec11c11"

lodash._reinterpolate@~2.4.1:
  version "2.4.1"
  resolved "https://registry.yarnpkg.com/lodash._reinterpolate/-/lodash._reinterpolate-2.4.1.tgz#4f1227aa5a8711fc632f5b07a1f4607aab8b3222"

lodash._reunescapedhtml@~2.4.1:
  version "2.4.1"
  resolved "https://registry.yarnpkg.com/lodash._reunescapedhtml/-/lodash._reunescapedhtml-2.4.1.tgz#747c4fc40103eb3bb8a0976e571f7a2659e93ba7"
  dependencies:
    lodash._htmlescapes "~2.4.1"
    lodash.keys "~2.4.1"

lodash._setbinddata@~2.4.1:
  version "2.4.1"
  resolved "https://registry.yarnpkg.com/lodash._setbinddata/-/lodash._setbinddata-2.4.1.tgz#f7c200cd1b92ef236b399eecf73c648d17aa94d2"
  dependencies:
    lodash._isnative "~2.4.1"
    lodash.noop "~2.4.1"

lodash._shimkeys@~2.4.1:
  version "2.4.1"
  resolved "https://registry.yarnpkg.com/lodash._shimkeys/-/lodash._shimkeys-2.4.1.tgz#6e9cc9666ff081f0b5a6c978b83e242e6949d203"
  dependencies:
    lodash._objecttypes "~2.4.1"

lodash._slice@~2.4.1:
  version "2.4.1"
  resolved "https://registry.yarnpkg.com/lodash._slice/-/lodash._slice-2.4.1.tgz#745cf41a53597b18f688898544405efa2b06d90f"

lodash.assign@^2.4.1:
  version "2.4.1"
  resolved "https://registry.yarnpkg.com/lodash.assign/-/lodash.assign-2.4.1.tgz#84c39596dd71181a97b0652913a7c9675e49b1aa"
  dependencies:
    lodash._basecreatecallback "~2.4.1"
    lodash._objecttypes "~2.4.1"
    lodash.keys "~2.4.1"

lodash.bind@~2.4.1:
  version "2.4.1"
  resolved "https://registry.yarnpkg.com/lodash.bind/-/lodash.bind-2.4.1.tgz#5d19fa005c8c4d236faf4742c7b7a1fcabe29267"
  dependencies:
    lodash._createwrapper "~2.4.1"
    lodash._slice "~2.4.1"

lodash.defaults@~2.4.1:
  version "2.4.1"
  resolved "https://registry.yarnpkg.com/lodash.defaults/-/lodash.defaults-2.4.1.tgz#a7e8885f05e68851144b6e12a8f3678026bc4c54"
  dependencies:
    lodash._objecttypes "~2.4.1"
    lodash.keys "~2.4.1"

lodash.escape@~2.4.1:
  version "2.4.1"
  resolved "https://registry.yarnpkg.com/lodash.escape/-/lodash.escape-2.4.1.tgz#2ce12c5e084db0a57dda5e5d1eeeb9f5d175a3b4"
  dependencies:
    lodash._escapehtmlchar "~2.4.1"
    lodash._reunescapedhtml "~2.4.1"
    lodash.keys "~2.4.1"

lodash.identity@~2.4.1:
  version "2.4.1"
  resolved "https://registry.yarnpkg.com/lodash.identity/-/lodash.identity-2.4.1.tgz#6694cffa65fef931f7c31ce86c74597cf560f4f1"

lodash.isfunction@~2.4.1:
  version "2.4.1"
  resolved "https://registry.yarnpkg.com/lodash.isfunction/-/lodash.isfunction-2.4.1.tgz#2cfd575c73e498ab57e319b77fa02adef13a94d1"

lodash.isobject@~2.4.1:
  version "2.4.1"
  resolved "https://registry.yarnpkg.com/lodash.isobject/-/lodash.isobject-2.4.1.tgz#5a2e47fe69953f1ee631a7eba1fe64d2d06558f5"
  dependencies:
    lodash._objecttypes "~2.4.1"

lodash.keys@~2.4.1:
  version "2.4.1"
  resolved "https://registry.yarnpkg.com/lodash.keys/-/lodash.keys-2.4.1.tgz#48dea46df8ff7632b10d706b8acb26591e2b3727"
  dependencies:
    lodash._isnative "~2.4.1"
    lodash._shimkeys "~2.4.1"
    lodash.isobject "~2.4.1"

lodash.noop@~2.4.1:
  version "2.4.1"
  resolved "https://registry.yarnpkg.com/lodash.noop/-/lodash.noop-2.4.1.tgz#4fb54f816652e5ae10e8f72f717a388c7326538a"

lodash.support@~2.4.1:
  version "2.4.1"
  resolved "https://registry.yarnpkg.com/lodash.support/-/lodash.support-2.4.1.tgz#320e0b67031673c28d7a2bb5d9e0331a45240515"
  dependencies:
    lodash._isnative "~2.4.1"

lodash.template@^2.4.1:
  version "2.4.1"
  resolved "https://registry.yarnpkg.com/lodash.template/-/lodash.template-2.4.1.tgz#9e611007edf629129a974ab3c48b817b3e1cf20d"
  dependencies:
    lodash._escapestringchar "~2.4.1"
    lodash._reinterpolate "~2.4.1"
    lodash.defaults "~2.4.1"
    lodash.escape "~2.4.1"
    lodash.keys "~2.4.1"
    lodash.templatesettings "~2.4.1"
    lodash.values "~2.4.1"

lodash.templatesettings@~2.4.1:
  version "2.4.1"
  resolved "https://registry.yarnpkg.com/lodash.templatesettings/-/lodash.templatesettings-2.4.1.tgz#ea76c75d11eb86d4dbe89a83893bb861929ac699"
  dependencies:
    lodash._reinterpolate "~2.4.1"
    lodash.escape "~2.4.1"

lodash.values@~2.4.1:
  version "2.4.1"
  resolved "https://registry.yarnpkg.com/lodash.values/-/lodash.values-2.4.1.tgz#abf514436b3cb705001627978cbcf30b1280eea4"
  dependencies:
    lodash.keys "~2.4.1"

process-nextick-args@^2.0.0, process-nextick-args@~2.0.0:
  version "2.0.0"
  resolved "https://registry.yarnpkg.com/process-nextick-args/-/process-nextick-args-2.0.0.tgz#a37d732f4271b4ab1ad070d35508e8290788ffaa"

readable-stream@^2.1.5, readable-stream@^2.3.5:
  version "2.3.6"
  resolved "https://registry.yarnpkg.com/readable-stream/-/readable-stream-2.3.6.tgz#b11c27d88b8ff1fbe070643cf94b0c79ae1b0aaf"
  dependencies:
    core-util-is "~1.0.0"
    inherits "~2.0.3"
    isarray "~1.0.0"
    process-nextick-args "~2.0.0"
    safe-buffer "~5.1.1"
    string_decoder "~1.1.1"
    util-deprecate "~1.0.1"

remove-trailing-separator@^1.0.1:
  version "1.1.0"
  resolved "https://registry.yarnpkg.com/remove-trailing-separator/-/remove-trailing-separator-1.1.0.tgz#c24bce2a283adad5bc3f58e0d48249b92379d8ef"

replace-ext@^1.0.0:
  version "1.0.0"
  resolved "https://registry.yarnpkg.com/replace-ext/-/replace-ext-1.0.0.tgz#de63128373fcbf7c3ccfa4de5a480c45a67958eb"

safe-buffer@~5.1.0, safe-buffer@~5.1.1:
  version "5.1.2"
  resolved "https://registry.yarnpkg.com/safe-buffer/-/safe-buffer-5.1.2.tgz#991ec69d296e0313747d59bdfd2b745c35f8828d"

string_decoder@~1.1.1:
  version "1.1.1"
  resolved "https://registry.yarnpkg.com/string_decoder/-/string_decoder-1.1.1.tgz#9cf1611ba62685d7030ae9e4ba34149c3af03fc8"
  dependencies:
    safe-buffer "~5.1.0"

through2@^2.0.0:
  version "2.0.3"
  resolved "https://registry.yarnpkg.com/through2/-/through2-2.0.3.tgz#0004569b37c7c74ba39c43f3ced78d1ad94140be"
  dependencies:
    readable-stream "^2.1.5"
    xtend "~4.0.1"

util-deprecate@~1.0.1:
  version "1.0.2"
  resolved "https://registry.yarnpkg.com/util-deprecate/-/util-deprecate-1.0.2.tgz#450d4dc9fa70de732762fbd2d4a28981419a0ccf"

vinyl@^2.1.0:
  version "2.1.0"
  resolved "https://registry.yarnpkg.com/vinyl/-/vinyl-2.1.0.tgz#021f9c2cf951d6b939943c89eb5ee5add4fd924c"
  dependencies:
    clone "^2.1.1"
    clone-buffer "^1.0.0"
    clone-stats "^1.0.0"
    cloneable-readable "^1.0.0"
    remove-trailing-separator "^1.0.1"
    replace-ext "^1.0.0"

xtend@~4.0.1:
  version "4.0.1"
  resolved "https://registry.yarnpkg.com/xtend/-/xtend-4.0.1.tgz#a5c6d532be656e23db820efb943a1f04998d63af"
